
Microsoft Visual Studio Solution File, Format Version 12.00
# Visual Studio 15
VisualStudioVersion = 15.0.28307.852
MinimumVisualStudioVersion = 10.0.40219.1
Project("{159641D6-6404-4A2A-AE62-294DE0FE8301}") = "SSISFirstProject", "SSISFirstProject\SSISFirstProject.dtproj", "{11F7C44B-03F7-473E-B2C3-4B7A5A2E427E}"
EndProject
Global
	GlobalSection(SolutionConfigurationPlatforms) = preSolution
		Development|Default = Development|Default
	EndGlobalSection
	GlobalSection(ProjectConfigurationPlatforms) = postSolution
		{11F7C44B-03F7-473E-B2C3-4B7A5A2E427E}.Development|Default.ActiveCfg = Development
		{11F7C44B-03F7-473E-B2C3-4B7A5A2E427E}.Development|Default.Build.0 = Development
	EndGlobalSection
	GlobalSection(SolutionProperties) = preSolution
		HideSolutionNode = FALSE
	EndGlobalSection
	GlobalSection(ExtensibilityGlobals) = postSolution
		SolutionGuid = {3397F983-66BE-4467-93BD-B422E92DA67E}
	EndGlobalSection
EndGlobal
